// !$*UTF8*$!
{
	archiveVersion = 1;
	classes = {
	};
	objectVersion = 46;
	objects = {

/* Begin PBXBuildFile section */
		B42C49211E9F5BC700DFF47C /* main.m in Sources */ = {isa = PBXBuildFile; fileRef = B42C49201E9F5BC700DFF47C /* main.m */; };
		B42C49241E9F5BC700DFF47C /* AppDelegate.m in Sources */ = {isa = PBXBuildFile; fileRef = B42C49231E9F5BC700DFF47C /* AppDelegate.m */; };
		B42C49271E9F5BC700DFF47C /* ViewController.m in Sources */ = {isa = PBXBuildFile; fileRef = B42C49261E9F5BC700DFF47C /* ViewController.m */; };
		B42C492A1E9F5BC700DFF47C /* Main.storyboard in Resources */ = {isa = PBXBuildFile; fileRef = B42C49281E9F5BC700DFF47C /* Main.storyboard */; };
		B42C492C1E9F5BC700DFF47C /* Assets.xcassets in Resources */ = {isa = PBXBuildFile; fileRef = B42C492B1E9F5BC700DFF47C /* Assets.xcassets */; };
		B42C492F1E9F5BC700DFF47C /* LaunchScreen.storyboard in Resources */ = {isa = PBXBuildFile; fileRef = B42C492D1E9F5BC700DFF47C /* LaunchScreen.storyboard */; };
		B42C493A1E9F5BC700DFF47C /* FunnyHorizontalCollectionViewTests.m in Sources */ = {isa = PBXBuildFile; fileRef = B42C49391E9F5BC700DFF47C /* FunnyHorizontalCollectionViewTests.m */; };
		B42C49451E9F5BC700DFF47C /* FunnyHorizontalCollectionViewUITests.m in Sources */ = {isa = PBXBuildFile; fileRef = B42C49441E9F5BC700DFF47C /* FunnyHorizontalCollectionViewUITests.m */; };
		B42C49571E9F5BFD00DFF47C /* YYBHorizontalCollectionView.m in Sources */ = {isa = PBXBuildFile; fileRef = B42C49541E9F5BFD00DFF47C /* YYBHorizontalCollectionView.m */; };
		B42C49581E9F5BFD00DFF47C /* YYBHorizontalCollectionCell.m in Sources */ = {isa = PBXBuildFile; fileRef = B42C49561E9F5BFD00DFF47C /* YYBHorizontalCollectionCell.m */; };
		B42C495A1E9F5DB000DFF47C /* show01.png in Resources */ = {isa = PBXBuildFile; fileRef = B42C49591E9F5DB000DFF47C /* show01.png */; };
		B42C495D1E9F5EB800DFF47C /* YYBHCModel.m in Sources */ = {isa = PBXBuildFile; fileRef = B42C495C1E9F5EB800DFF47C /* YYBHCModel.m */; };
		B42C49601E9F6EE300DFF47C /* TwoViewController.m in Sources */ = {isa = PBXBuildFile; fileRef = B42C495F1E9F6EE300DFF47C /* TwoViewController.m */; };
/* End PBXBuildFile section */

/* Begin PBXContainerItemProxy section */
		B42C49361E9F5BC700DFF47C /* PBXContainerItemProxy */ = {
			isa = PBXContainerItemProxy;
			containerPortal = B42C49141E9F5BC700DFF47C /* Project object */;
			proxyType = 1;
			remoteGlobalIDString = B42C491B1E9F5BC700DFF47C;
			remoteInfo = FunnyHorizontalCollectionView;
		};
		B42C49411E9F5BC700DFF47C /* PBXContainerItemProxy */ = {
			isa = PBXContainerItemProxy;
			containerPortal = B42C49141E9F5BC700DFF47C /* Project object */;
			proxyType = 1;
			remoteGlobalIDString = B42C491B1E9F5BC700DFF47C;
			remoteInfo = FunnyHorizontalCollectionView;
		};
/* End PBXContainerItemProxy section */

/* Begin PBXFileReference section */
		B42C491C1E9F5BC700DFF47C /* FunnyHorizontalCollectionView.app */ = {isa = PBXFileReference; explicitFileType = wrapper.application; includeInIndex = 0; path = FunnyHorizontalCollectionView.app; sourceTree = BUILT_PRODUCTS_DIR; };
		B42C49201E9F5BC700DFF47C /* main.m */ = {isa = PBXFileReference; lastKnownFileType = sourcecode.c.objc; path = main.m; sourceTree = "<group>"; };
		B42C49221E9F5BC700DFF47C /* AppDelegate.h */ = {isa = PBXFileReference; lastKnownFileType = sourcecode.c.h; path = AppDelegate.h; sourceTree = "<group>"; };
		B42C49231E9F5BC700DFF47C /* AppDelegate.m */ = {isa = PBXFileReference; lastKnownFileType = sourcecode.c.objc; path = AppDelegate.m; sourceTree = "<group>"; };
		B42C49251E9F5BC700DFF47C /* ViewController.h */ = {isa = PBXFileReference; lastKnownFileType = sourcecode.c.h; path = ViewController.h; sourceTree = "<group>"; };
		B42C49261E9F5BC700DFF47C /* ViewController.m */ = {isa = PBXFileReference; lastKnownFileType = sourcecode.c.objc; path = ViewController.m; sourceTree = "<group>"; };
		B42C49291E9F5BC700DFF47C /* Base */ = {isa = PBXFileReference; lastKnownFileType = file.storyboard; name = Base; path = Base.lproj/Main.storyboard; sourceTree = "<group>"; };
		B42C492B1E9F5BC700DFF47C /* Assets.xcassets */ = {isa = PBXFileReference; lastKnownFileType = folder.assetcatalog; path = Assets.xcassets; sourceTree = "<group>"; };
		B42C492E1E9F5BC700DFF47C /* Base */ = {isa = PBXFileReference; lastKnownFileType = file.storyboard; name = Base; path = Base.lproj/LaunchScreen.storyboard; sourceTree = "<group>"; };
		B42C49301E9F5BC700DFF47C /* Info.plist */ = {isa = PBXFileReference; lastKnownFileType = text.plist.xml; path = Info.plist; sourceTree = "<group>"; };
		B42C49351E9F5BC700DFF47C /* FunnyHorizontalCollectionViewTests.xctest */ = {isa = PBXFileReference; explicitFileType = wrapper.cfbundle; includeInIndex = 0; path = FunnyHorizontalCollectionViewTests.xctest; sourceTree = BUILT_PRODUCTS_DIR; };
		B42C49391E9F5BC700DFF47C /* FunnyHorizontalCollectionViewTests.m */ = {isa = PBXFileReference; lastKnownFileType = sourcecode.c.objc; path = FunnyHorizontalCollectionViewTests.m; sourceTree = "<group>"; };
		B42C493B1E9F5BC700DFF47C /* Info.plist */ = {isa = PBXFileReference; lastKnownFileType = text.plist.xml; path = Info.plist; sourceTree = "<group>"; };
		B42C49401E9F5BC700DFF47C /* FunnyHorizontalCollectionViewUITests.xctest */ = {isa = PBXFileReference; explicitFileType = wrapper.cfbundle; includeInIndex = 0; path = FunnyHorizontalCollectionViewUITests.xctest; sourceTree = BUILT_PRODUCTS_DIR; };
		B42C49441E9F5BC700DFF47C /* FunnyHorizontalCollectionViewUITests.m */ = {isa = PBXFileReference; lastKnownFileType = sourcecode.c.objc; path = FunnyHorizontalCollectionViewUITests.m; sourceTree = "<group>"; };
		B42C49461E9F5BC700DFF47C /* Info.plist */ = {isa = PBXFileReference; lastKnownFileType = text.plist.xml; path = Info.plist; sourceTree = "<group>"; };
		B42C49531E9F5BFD00DFF47C /* YYBHorizontalCollectionCell.h */ = {isa = PBXFileReference; fileEncoding = 4; lastKnownFileType = sourcecode.c.h; path = YYBHorizontalCollectionCell.h; sourceTree = "<group>"; };
		B42C49541E9F5BFD00DFF47C /* YYBHorizontalCollectionView.m */ = {isa = PBXFileReference; fileEncoding = 4; lastKnownFileType = sourcecode.c.objc; path = YYBHorizontalCollectionView.m; sourceTree = "<group>"; };
		B42C49551E9F5BFD00DFF47C /* YYBHorizontalCollectionView.h */ = {isa = PBXFileReference; fileEncoding = 4; lastKnownFileType = sourcecode.c.h; path = YYBHorizontalCollectionView.h; sourceTree = "<group>"; };
		B42C49561E9F5BFD00DFF47C /* YYBHorizontalCollectionCell.m */ = {isa = PBXFileReference; fileEncoding = 4; lastKnownFileType = sourcecode.c.objc; path = YYBHorizontalCollectionCell.m; sourceTree = "<group>"; };
		B42C49591E9F5DB000DFF47C /* show01.png */ = {isa = PBXFileReference; lastKnownFileType = image.png; path = show01.png; sourceTree = "<group>"; };
		B42C495B1E9F5EB700DFF47C /* YYBHCModel.h */ = {isa = PBXFileReference; fileEncoding = 4; lastKnownFileType = sourcecode.c.h; path = YYBHCModel.h; sourceTree = "<group>"; };
		B42C495C1E9F5EB800DFF47C /* YYBHCModel.m */ = {isa = PBXFileReference; fileEncoding = 4; lastKnownFileType = sourcecode.c.objc; path = YYBHCModel.m; sourceTree = "<group>"; };
		B42C495E1E9F6EE300DFF47C /* TwoViewController.h */ = {isa = PBXFileReference; fileEncoding = 4; lastKnownFileType = sourcecode.c.h; path = TwoViewController.h; sourceTree = "<group>"; };
		B42C495F1E9F6EE300DFF47C /* TwoViewController.m */ = {isa = PBXFileReference; fileEncoding = 4; lastKnownFileType = sourcecode.c.objc; path = TwoViewController.m; sourceTree = "<group>"; };
/* End PBXFileReference section */

/* Begin PBXFrameworksBuildPhase section */
		B42C49191E9F5BC700DFF47C /* Frameworks */ = {
			isa = PBXFrameworksBuildPhase;
			buildActionMask = 2147483647;
			files = (
			);
			runOnlyForDeploymentPostprocessing = 0;
		};
		B42C49321E9F5BC700DFF47C /* Frameworks */ = {
			isa = PBXFrameworksBuildPhase;
			buildActionMask = 2147483647;
			files = (
			);
			runOnlyForDeploymentPostprocessing = 0;
		};
		B42C493D1E9F5BC700DFF47C /* Frameworks */ = {
			isa = PBXFrameworksBuildPhase;
			buildActionMask = 2147483647;
			files = (
			);
			runOnlyForDeploymentPostprocessing = 0;
		};
/* End PBXFrameworksBuildPhase section */

/* Begin PBXGroup section */
		B42C49131E9F5BC700DFF47C = {
			isa = PBXGroup;
			children = (
				B42C491E1E9F5BC700DFF47C /* FunnyHorizontalCollectionView */,
				B42C49381E9F5BC700DFF47C /* FunnyHorizontalCollectionViewTests */,
				B42C49431E9F5BC700DFF47C /* FunnyHorizontalCollectionViewUITests */,
				B42C491D1E9F5BC700DFF47C /* Products */,
			);
			sourceTree = "<group>";
		};
		B42C491D1E9F5BC700DFF47C /* Products */ = {
			isa = PBXGroup;
			children = (
				B42C491C1E9F5BC700DFF47C /* FunnyHorizontalCollectionView.app */,
				B42C49351E9F5BC700DFF47C /* FunnyHorizontalCollectionViewTests.xctest */,
				B42C49401E9F5BC700DFF47C /* FunnyHorizontalCollectionViewUITests.xctest */,
			);
			name = Products;
			sourceTree = "<group>";
		};
		B42C491E1E9F5BC700DFF47C /* FunnyHorizontalCollectionView */ = {
			isa = PBXGroup;
			children = (
				B42C49521E9F5BE600DFF47C /* cellectionclass */,
				B42C49221E9F5BC700DFF47C /* AppDelegate.h */,
				B42C49231E9F5BC700DFF47C /* AppDelegate.m */,
				B42C49251E9F5BC700DFF47C /* ViewController.h */,
				B42C49261E9F5BC700DFF47C /* ViewController.m */,
				B42C495E1E9F6EE300DFF47C /* TwoViewController.h */,
				B42C495F1E9F6EE300DFF47C /* TwoViewController.m */,
				B42C49591E9F5DB000DFF47C /* show01.png */,
				B42C49281E9F5BC700DFF47C /* Main.storyboard */,
				B42C492B1E9F5BC700DFF47C /* Assets.xcassets */,
				B42C492D1E9F5BC700DFF47C /* LaunchScreen.storyboard */,
				B42C49301E9F5BC700DFF47C /* Info.plist */,
				B42C491F1E9F5BC700DFF47C /* Supporting Files */,
			);
			path = FunnyHorizontalCollectionView;
			sourceTree = "<group>";
		};
		B42C491F1E9F5BC700DFF47C /* Supporting Files */ = {
			isa = PBXGroup;
			children = (
				B42C49201E9F5BC700DFF47C /* main.m */,
			);
			name = "Supporting Files";
			sourceTree = "<group>";
		};
		B42C49381E9F5BC700DFF47C /* FunnyHorizontalCollectionViewTests */ = {
			isa = PBXGroup;
			children = (
				B42C49391E9F5BC700DFF47C /* FunnyHorizontalCollectionViewTests.m */,
				B42C493B1E9F5BC700DFF47C /* Info.plist */,
			);
			path = FunnyHorizontalCollectionViewTests;
			sourceTree = "<group>";
		};
		B42C49431E9F5BC700DFF47C /* FunnyHorizontalCollectionViewUITests */ = {
			isa = PBXGroup;
			children = (
				B42C49441E9F5BC700DFF47C /* FunnyHorizontalCollectionViewUITests.m */,
				B42C49461E9F5BC700DFF47C /* Info.plist */,
			);
			path = FunnyHorizontalCollectionViewUITests;
			sourceTree = "<group>";
		};
		B42C49521E9F5BE600DFF47C /* cellectionclass */ = {
			isa = PBXGroup;
			children = (
				B42C49551E9F5BFD00DFF47C /* YYBHorizontalCollectionView.h */,
				B42C49541E9F5BFD00DFF47C /* YYBHorizontalCollectionView.m */,
				B42C49531E9F5BFD00DFF47C /* YYBHorizontalCollectionCell.h */,
				B42C49561E9F5BFD00DFF47C /* YYBHorizontalCollectionCell.m */,
				B42C495B1E9F5EB700DFF47C /* YYBHCModel.h */,
				B42C495C1E9F5EB800DFF47C /* YYBHCModel.m */,
			);
			name = cellectionclass;
			sourceTree = "<group>";
		};
/* End PBXGroup section */

/* Begin PBXNativeTarget section */
		B42C491B1E9F5BC700DFF47C /* FunnyHorizontalCollectionView */ = {
			isa = PBXNativeTarget;
			buildConfigurationList = B42C49491E9F5BC700DFF47C /* Build configuration list for PBXNativeTarget "FunnyHorizontalCollectionView" */;
			buildPhases = (
				B42C49181E9F5BC700DFF47C /* Sources */,
				B42C49191E9F5BC700DFF47C /* Frameworks */,
				B42C491A1E9F5BC700DFF47C /* Resources */,
			);
			buildRules = (
			);
			dependencies = (
			);
			name = FunnyHorizontalCollectionView;
			productName = FunnyHorizontalCollectionView;
			productReference = B42C491C1E9F5BC700DFF47C /* FunnyHorizontalCollectionView.app */;
			productType = "com.apple.product-type.application";
		};
		B42C49341E9F5BC700DFF47C /* FunnyHorizontalCollectionViewTests */ = {
			isa = PBXNativeTarget;
			buildConfigurationList = B42C494C1E9F5BC700DFF47C /* Build configuration list for PBXNativeTarget "FunnyHorizontalCollectionViewTests" */;
			buildPhases = (
				B42C49311E9F5BC700DFF47C /* Sources */,
				B42C49321E9F5BC700DFF47C /* Frameworks */,
				B42C49331E9F5BC700DFF47C /* Resources */,
			);
			buildRules = (
			);
			dependencies = (
				B42C49371E9F5BC700DFF47C /* PBXTargetDependency */,
			);
			name = FunnyHorizontalCollectionViewTests;
			productName = FunnyHorizontalCollectionViewTests;
			productReference = B42C49351E9F5BC700DFF47C /* FunnyHorizontalCollectionViewTests.xctest */;
			productType = "com.apple.product-type.bundle.unit-test";
		};
		B42C493F1E9F5BC700DFF47C /* FunnyHorizontalCollectionViewUITests */ = {
			isa = PBXNativeTarget;
			buildConfigurationList = B42C494F1E9F5BC700DFF47C /* Build configuration list for PBXNativeTarget "FunnyHorizontalCollectionViewUITests" */;
			buildPhases = (
				B42C493C1E9F5BC700DFF47C /* Sources */,
				B42C493D1E9F5BC700DFF47C /* Frameworks */,
				B42C493E1E9F5BC700DFF47C /* Resources */,
			);
			buildRules = (
			);
			dependencies = (
				B42C49421E9F5BC700DFF47C /* PBXTargetDependency */,
			);
			name = FunnyHorizontalCollectionViewUITests;
			productName = FunnyHorizontalCollectionViewUITests;
			productReference = B42C49401E9F5BC700DFF47C /* FunnyHorizontalCollectionViewUITests.xctest */;
			productType = "com.apple.product-type.bundle.ui-testing";
		};
/* End PBXNativeTarget section */

/* Begin PBXProject section */
		B42C49141E9F5BC700DFF47C /* Project object */ = {
			isa = PBXProject;
			attributes = {
				LastUpgradeCheck = 0830;
				ORGANIZATIONNAME = Funny;
				TargetAttributes = {
					B42C491B1E9F5BC700DFF47C = {
						CreatedOnToolsVersion = 8.3;
						DevelopmentTeam = 4AEMQ5M8CS;
						ProvisioningStyle = Automatic;
					};
					B42C49341E9F5BC700DFF47C = {
						CreatedOnToolsVersion = 8.3;
						DevelopmentTeam = 4AEMQ5M8CS;
						ProvisioningStyle = Automatic;
						TestTargetID = B42C491B1E9F5BC700DFF47C;
					};
					B42C493F1E9F5BC700DFF47C = {
						CreatedOnToolsVersion = 8.3;
						DevelopmentTeam = 4AEMQ5M8CS;
						ProvisioningStyle = Automatic;
						TestTargetID = B42C491B1E9F5BC700DFF47C;
					};
				};
			};
			buildConfigurationList = B42C49171E9F5BC700DFF47C /* Build configuration list for PBXProject "FunnyHorizontalCollectionView" */;
			compatibilityVersion = "Xcode 3.2";
			developmentRegion = English;
			hasScannedForEncodings = 0;
			knownRegions = (
				en,
				Base,
			);
			mainGroup = B42C49131E9F5BC700DFF47C;
			productRefGroup = B42C491D1E9F5BC700DFF47C /* Products */;
			projectDirPath = "";
			projectRoot = "";
			targets = (
				B42C491B1E9F5BC700DFF47C /* FunnyHorizontalCollectionView */,
				B42C49341E9F5BC700DFF47C /* FunnyHorizontalCollectionViewTests */,
				B42C493F1E9F5BC700DFF47C /* FunnyHorizontalCollectionViewUITests */,
			);
		};
/* End PBXProject section */

/* Begin PBXResourcesBuildPhase section */
		B42C491A1E9F5BC700DFF47C /* Resources */ = {
			isa = PBXResourcesBuildPhase;
			buildActionMask = 2147483647;
			files = (
				B42C492F1E9F5BC700DFF47C /* LaunchScreen.storyboard in Resources */,
				B42C492C1E9F5BC700DFF47C /* Assets.xcassets in Resources */,
				B42C492A1E9F5BC700DFF47C /* Main.storyboard in Resources */,
				B42C495A1E9F5DB000DFF47C /* show01.png in Resources */,
			);
			runOnlyForDeploymentPostprocessing = 0;
		};
		B42C49331E9F5BC700DFF47C /* Resources */ = {
			isa = PBXResourcesBuildPhase;
			buildActionMask = 2147483647;
			files = (
			);
			runOnlyForDeploymentPostprocessing = 0;
		};
		B42C493E1E9F5BC700DFF47C /* Resources */ = {
			isa = PBXResourcesBuildPhase;
			buildActionMask = 2147483647;
			files = (
			);
			runOnlyForDeploymentPostprocessing = 0;
		};
/* End PBXResourcesBuildPhase section */

/* Begin PBXSourcesBuildPhase section */
		B42C49181E9F5BC700DFF47C /* Sources */ = {
			isa = PBXSourcesBuildPhase;
			buildActionMask = 2147483647;
			files = (
				B42C49601E9F6EE300DFF47C /* TwoViewController.m in Sources */,
				B42C49271E9F5BC700DFF47C /* ViewController.m in Sources */,
				B42C49571E9F5BFD00DFF47C /* YYBHorizontalCollectionView.m in Sources */,
				B42C49241E9F5BC700DFF47C /* AppDelegate.m in Sources */,
				B42C49581E9F5BFD00DFF47C /* YYBHorizontalCollectionCell.m in Sources */,
				B42C49211E9F5BC700DFF47C /* main.m in Sources */,
				B42C495D1E9F5EB800DFF47C /* YYBHCModel.m in Sources */,
			);
			runOnlyForDeploymentPostprocessing = 0;
		};
		B42C49311E9F5BC700DFF47C /* Sources */ = {
			isa = PBXSourcesBuildPhase;
			buildActionMask = 2147483647;
			files = (
				B42C493A1E9F5BC700DFF47C /* FunnyHorizontalCollectionViewTests.m in Sources */,
			);
			runOnlyForDeploymentPostprocessing = 0;
		};
		B42C493C1E9F5BC700DFF47C /* Sources */ = {
			isa = PBXSourcesBuildPhase;
			buildActionMask = 2147483647;
			files = (
				B42C49451E9F5BC700DFF47C /* FunnyHorizontalCollectionViewUITests.m in Sources */,
			);
			runOnlyForDeploymentPostprocessing = 0;
		};
/* End PBXSourcesBuildPhase section */

/* Begin PBXTargetDependency section */
		B42C49371E9F5BC700DFF47C /* PBXTargetDependency */ = {
			isa = PBXTargetDependency;
			target = B42C491B1E9F5BC700DFF47C /* FunnyHorizontalCollectionView */;
			targetProxy = B42C49361E9F5BC700DFF47C /* PBXContainerItemProxy */;
		};
		B42C49421E9F5BC700DFF47C /* PBXTargetDependency */ = {
			isa = PBXTargetDependency;
			target = B42C491B1E9F5BC700DFF47C /* FunnyHorizontalCollectionView */;
			targetProxy = B42C49411E9F5BC700DFF47C /* PBXContainerItemProxy */;
		};
/* End PBXTargetDependency section */

/* Begin PBXVariantGroup section */
		B42C49281E9F5BC700DFF47C /* Main.storyboard */ = {
			isa = PBXVariantGroup;
			children = (
				B42C49291E9F5BC700DFF47C /* Base */,
			);
			name = Main.storyboard;
			sourceTree = "<group>";
		};
		B42C492D1E9F5BC700DFF47C /* LaunchScreen.storyboard */ = {
			isa = PBXVariantGroup;
			children = (
				B42C492E1E9F5BC700DFF47C /* Base */,
			);
			name = LaunchScreen.storyboard;
			sourceTree = "<group>";
		};
/* End PBXVariantGroup section */

/* Begin XCBuildConfiguration section */
		B42C49471E9F5BC700DFF47C /* Debug */ = {
			isa = XCBuildConfiguration;
			buildSettings = {
				ALWAYS_SEARCH_USER_PATHS = NO;
				CLANG_ANALYZER_NONNULL = YES;
				CLANG_ANALYZER_NUMBER_OBJECT_CONVERSION = YES_AGGRESSIVE;
				CLANG_CXX_LANGUAGE_STANDARD = "gnu++0x";
				CLANG_CXX_LIBRARY = "libc++";
				CLANG_ENABLE_MODULES = YES;
				CLANG_ENABLE_OBJC_ARC = YES;
				CLANG_WARN_BOOL_CONVERSION = YES;
				CLANG_WARN_CONSTANT_CONVERSION = YES;
				CLANG_WARN_DIRECT_OBJC_ISA_USAGE = YES_ERROR;
				CLANG_WARN_DOCUMENTATION_COMMENTS = YES;
				CLANG_WARN_EMPTY_BODY = YES;
				CLANG_WARN_ENUM_CONVERSION = YES;
				CLANG_WARN_INFINITE_RECURSION = YES;
				CLANG_WARN_INT_CONVERSION = YES;
				CLANG_WARN_OBJC_ROOT_CLASS = YES_ERROR;
				CLANG_WARN_SUSPICIOUS_MOVE = YES;
				CLANG_WARN_UNREACHABLE_CODE = YES;
				CLANG_WARN__DUPLICATE_METHOD_MATCH = YES;
				"CODE_SIGN_IDENTITY[sdk=iphoneos*]" = "iPhone Developer";
				COPY_PHASE_STRIP = NO;
				DEBUG_INFORMATION_FORMAT = dwarf;
				ENABLE_STRICT_OBJC_MSGSEND = YES;
				ENABLE_TESTABILITY = YES;
				GCC_C_LANGUAGE_STANDARD = gnu99;
				GCC_DYNAMIC_NO_PIC = NO;
				GCC_NO_COMMON_BLOCKS = YES;
				GCC_OPTIMIZATION_LEVEL = 0;
				GCC_PREPROCESSOR_DEFINITIONS = (
					"DEBUG=1",
					"$(inherited)",
				);
				GCC_WARN_64_TO_32_BIT_CONVERSION = YES;
				GCC_WARN_ABOUT_RETURN_TYPE = YES_ERROR;
				GCC_WARN_UNDECLARED_SELECTOR = YES;
				GCC_WARN_UNINITIALIZED_AUTOS = YES_AGGRESSIVE;
				GCC_WARN_UNUSED_FUNCTION = YES;
				GCC_WARN_UNUSED_VARIABLE = YES;
				IPHONEOS_DEPLOYMENT_TARGET = 10.3;
				MTL_ENABLE_DEBUG_INFO = YES;
				ONLY_ACTIVE_ARCH = YES;
				SDKROOT = iphoneos;
				TARGETED_DEVICE_FAMILY = "1,2";
			};
			name = Debug;
		};
		B42C49481E9F5BC700DFF47C /* Release */ = {
			isa = XCBuildConfiguration;
			buildSettings = {
				ALWAYS_SEARCH_USER_PATHS = NO;
				CLANG_ANALYZER_NONNULL = YES;
				CLANG_ANALYZER_NUMBER_OBJECT_CONVERSION = YES_AGGRESSIVE;
				CLANG_CXX_LANGUAGE_STANDARD = "gnu++0x";
				CLANG_CXX_LIBRARY = "libc++";
				CLANG_ENABLE_MODULES = YES;
				CLANG_ENABLE_OBJC_ARC = YES;
				CLANG_WARN_BOOL_CONVERSION = YES;
				CLANG_WARN_CONSTANT_CONVERSION = YES;
				CLANG_WARN_DIRECT_OBJC_ISA_USAGE = YES_ERROR;
				CLANG_WARN_DOCUMENTATION_COMMENTS = YES;
				CLANG_WARN_EMPTY_BODY = YES;
				CLANG_WARN_ENUM_CONVERSION = YES;
				CLANG_WARN_INFINITE_RECURSION = YES;
				CLANG_WARN_INT_CONVERSION = YES;
				CLANG_WARN_OBJC_ROOT_CLASS = YES_ERROR;
				CLANG_WARN_SUSPICIOUS_MOVE = YES;
				CLANG_WARN_UNREACHABLE_CODE = YES;
				CLANG_WARN__DUPLICATE_METHOD_MATCH = YES;
				"CODE_SIGN_IDENTITY[sdk=iphoneos*]" = "iPhone Developer";
				COPY_PHASE_STRIP = NO;
				DEBUG_INFORMATION_FORMAT = "dwarf-with-dsym";
				ENABLE_NS_ASSERTIONS = NO;
				ENABLE_STRICT_OBJC_MSGSEND = YES;
				GCC_C_LANGUAGE_STANDARD = gnu99;
				GCC_NO_COMMON_BLOCKS = YES;
				GCC_WARN_64_TO_32_BIT_CONVERSION = YES;
				GCC_WARN_ABOUT_RETURN_TYPE = YES_ERROR;
				GCC_WARN_UNDECLARED_SELECTOR = YES;
				GCC_WARN_UNINITIALIZED_AUTOS = YES_AGGRESSIVE;
				GCC_WARN_UNUSED_FUNCTION = YES;
				GCC_WARN_UNUSED_VARIABLE = YES;
				IPHONEOS_DEPLOYMENT_TARGET = 10.3;
				MTL_ENABLE_DEBUG_INFO = NO;
				SDKROOT = iphoneos;
				TARGETED_DEVICE_FAMILY = "1,2";
				VALIDATE_PRODUCT = YES;
			};
			name = Release;
		};
		B42C494A1E9F5BC700DFF47C /* Debug */ = {
			isa = XCBuildConfiguration;
			buildSettings = {
				ASSETCATALOG_COMPILER_APPICON_NAME = AppIcon;
				DEVELOPMENT_TEAM = 4AEMQ5M8CS;
				INFOPLIST_FILE = FunnyHorizontalCollectionView/Info.plist;
				LD_RUNPATH_SEARCH_PATHS = "$(inherited) @executable_path/Frameworks";
				PRODUCT_BUNDLE_IDENTIFIER = com.HorizontalCollectionView.FunnyHorizontalCollectionView;
				PRODUCT_NAME = "$(TARGET_NAME)";
			};
			name = Debug;
		};
		B42C494B1E9F5BC700DFF47C /* Release */ = {
			isa = XCBuildConfiguration;
			buildSettings = {
				ASSETCATALOG_COMPILER_APPICON_NAME = AppIcon;
				DEVELOPMENT_TEAM = 4AEMQ5M8CS;
				INFOPLIST_FILE = FunnyHorizontalCollectionView/Info.plist;
				LD_RUNPATH_SEARCH_PATHS = "$(inherited) @executable_path/Frameworks";
				PRODUCT_BUNDLE_IDENTIFIER = com.HorizontalCollectionView.FunnyHorizontalCollectionView;
				PRODUCT_NAME = "$(TARGET_NAME)";
			};
			name = Release;
		};
		B42C494D1E9F5BC700DFF47C /* Debug */ = {
			isa = XCBuildConfiguration;
			buildSettings = {
				BUNDLE_LOADER = "$(TEST_HOST)";
				DEVELOPMENT_TEAM = 4AEMQ5M8CS;
				INFOPLIST_FILE = FunnyHorizontalCollectionViewTests/Info.plist;
				LD_RUNPATH_SEARCH_PATHS = "$(inherited) @executable_path/Frameworks @loader_path/Frameworks";
				PRODUCT_BUNDLE_IDENTIFIER = com.HorizontalCollectionView.FunnyHorizontalCollectionViewTests;
				PRODUCT_NAME = "$(TARGET_NAME)";
				TEST_HOST = "$(BUILT_PRODUCTS_DIR)/FunnyHorizontalCollectionView.app/FunnyHorizontalCollectionView";
			};
			name = Debug;
		};
		B42C494E1E9F5BC700DFF47C /* Release */ = {
			isa = XCBuildConfiguration;
			buildSettings = {
				BUNDLE_LOADER = "$(TEST_HOST)";
				DEVELOPMENT_TEAM = 4AEMQ5M8CS;
				INFOPLIST_FILE = FunnyHorizontalCollectionViewTests/Info.plist;
				LD_RUNPATH_SEARCH_PATHS = "$(inherited) @executable_path/Frameworks @loader_path/Frameworks";
				PRODUCT_BUNDLE_IDENTIFIER = com.HorizontalCollectionView.FunnyHorizontalCollectionViewTests;
				PRODUCT_NAME = "$(TARGET_NAME)";
				TEST_HOST = "$(BUILT_PRODUCTS_DIR)/FunnyHorizontalCollectionView.app/FunnyHorizontalCollectionView";
			};
			name = Release;
		};
		B42C49501E9F5BC700DFF47C /* Debug */ = {
			isa = XCBuildConfiguration;
			buildSettings = {
				DEVELOPMENT_TEAM = 4AEMQ5M8CS;
				INFOPLIST_FILE = FunnyHorizontalCollectionViewUITests/Info.plist;
				LD_RUNPATH_SEARCH_PATHS = "$(inherited) @executable_path/Frameworks @loader_path/Frameworks";
				PRODUCT_BUNDLE_IDENTIFIER = com.HorizontalCollectionView.FunnyHorizontalCollectionViewUITests;
				PRODUCT_NAME = "$(TARGET_NAME)";
				TEST_TARGET_NAME = FunnyHorizontalCollectionView;
			};
			name = Debug;
		};
		B42C49511E9F5BC700DFF47C /* Release */ = {
			isa = XCBuildConfiguration;
			buildSettings = {
				DEVELOPMENT_TEAM = 4AEMQ5M8CS;
				INFOPLIST_FILE = FunnyHorizontalCollectionViewUITests/Info.plist;
				LD_RUNPATH_SEARCH_PATHS = "$(inherited) @executable_path/Frameworks @loader_path/Frameworks";
				PRODUCT_BUNDLE_IDENTIFIER = com.HorizontalCollectionView.FunnyHorizontalCollectionViewUITests;
				PRODUCT_NAME = "$(TARGET_NAME)";
				TEST_TARGET_NAME = FunnyHorizontalCollectionView;
			};
			name = Release;
		};
/* End XCBuildConfiguration section */

/* Begin XCConfigurationList section */
		B42C49171E9F5BC700DFF47C /* Build configuration list for PBXProject "FunnyHorizontalCollectionView" */ = {
			isa = XCConfigurationList;
			buildConfigurations = (
				B42C49471E9F5BC700DFF47C /* Debug */,
				B42C49481E9F5BC700DFF47C /* Release */,
			);
			defaultConfigurationIsVisible = 0;
			defaultConfigurationName = Release;
		};
		B42C49491E9F5BC700DFF47C /* Build configuration list for PBXNativeTarget "FunnyHorizontalCollectionView" */ = {
			isa = XCConfigurationList;
			buildConfigurations = (
				B42C494A1E9F5BC700DFF47C /* Debug */,
				B42C494B1E9F5BC700DFF47C /* Release */,
			);
			defaultConfigurationIsVisible = 0;
		};
		B42C494C1E9F5BC700DFF47C /* Build configuration list for PBXNativeTarget "FunnyHorizontalCollectionViewTests" */ = {
			isa = XCConfigurationList;
			buildConfigurations = (
				B42C494D1E9F5BC700DFF47C /* Debug */,
				B42C494E1E9F5BC700DFF47C /* Release */,
			);
			defaultConfigurationIsVisible = 0;
		};
		B42C494F1E9F5BC700DFF47C /* Build configuration list for PBXNativeTarget "FunnyHorizontalCollectionViewUITests" */ = {
			isa = XCConfigurationList;
			buildConfigurations = (
				B42C49501E9F5BC700DFF47C /* Debug */,
				B42C49511E9F5BC700DFF47C /* Release */,
			);
			defaultConfigurationIsVisible = 0;
		};
/* End XCConfigurationList section */
	};
	rootObject = B42C49141E9F5BC700DFF47C /* Project object */;
}
